// !$*UTF8*$!
{
	archiveVersion = 1;
	classes = {
	};
	objectVersion = 46;
	objects = {

/* Begin PBXBuildFile section */
		043202371D3EDC4E00F3DFD1 /* AppDelegate.swift in Sources */ = {isa = PBXBuildFile; fileRef = 043202361D3EDC4E00F3DFD1 /* AppDelegate.swift */; };
		043202391D3EDC4E00F3DFD1 /* ViewController.swift in Sources */ = {isa = PBXBuildFile; fileRef = 043202381D3EDC4E00F3DFD1 /* ViewController.swift */; };
		0432023E1D3EDC4E00F3DFD1 /* Assets.xcassets in Resources */ = {isa = PBXBuildFile; fileRef = 0432023D1D3EDC4E00F3DFD1 /* Assets.xcassets */; };
		043202411D3EDC4E00F3DFD1 /* LaunchScreen.storyboard in Resources */ = {isa = PBXBuildFile; fileRef = 0432023F1D3EDC4E00F3DFD1 /* LaunchScreen.storyboard */; };
		0432024C1D3EDC4E00F3DFD1 /* Base_Tracker_iPadTests.swift in Sources */ = {isa = PBXBuildFile; fileRef = 0432024B1D3EDC4E00F3DFD1 /* Base_Tracker_iPadTests.swift */; };
		043202571D3EDC4E00F3DFD1 /* Base_Tracker_iPadUITests.swift in Sources */ = {isa = PBXBuildFile; fileRef = 043202561D3EDC4E00F3DFD1 /* Base_Tracker_iPadUITests.swift */; };
		04C08A7A1D4260AA002815F0 /* Main.storyboard in Resources */ = {isa = PBXBuildFile; fileRef = 04C08A781D4260AA002815F0 /* Main.storyboard */; };
/* End PBXBuildFile section */

/* Begin PBXContainerItemProxy section */
		043202481D3EDC4E00F3DFD1 /* PBXContainerItemProxy */ = {
			isa = PBXContainerItemProxy;
			containerPortal = 0432022B1D3EDC4E00F3DFD1 /* Project object */;
			proxyType = 1;
			remoteGlobalIDString = 043202321D3EDC4E00F3DFD1;
			remoteInfo = "Base Tracker iPad";
		};
		043202531D3EDC4E00F3DFD1 /* PBXContainerItemProxy */ = {
			isa = PBXContainerItemProxy;
			containerPortal = 0432022B1D3EDC4E00F3DFD1 /* Project object */;
			proxyType = 1;
			remoteGlobalIDString = 043202321D3EDC4E00F3DFD1;
			remoteInfo = "Base Tracker iPad";
		};
/* End PBXContainerItemProxy section */

/* Begin PBXFileReference section */
		043202331D3EDC4E00F3DFD1 /* Base Tracker iPad.app */ = {isa = PBXFileReference; explicitFileType = wrapper.application; includeInIndex = 0; path = "Base Tracker iPad.app"; sourceTree = BUILT_PRODUCTS_DIR; };
		043202361D3EDC4E00F3DFD1 /* AppDelegate.swift */ = {isa = PBXFileReference; lastKnownFileType = sourcecode.swift; path = AppDelegate.swift; sourceTree = "<group>"; };
		043202381D3EDC4E00F3DFD1 /* ViewController.swift */ = {isa = PBXFileReference; lastKnownFileType = sourcecode.swift; path = ViewController.swift; sourceTree = "<group>"; };
		0432023D1D3EDC4E00F3DFD1 /* Assets.xcassets */ = {isa = PBXFileReference; lastKnownFileType = folder.assetcatalog; path = Assets.xcassets; sourceTree = "<group>"; };
		043202401D3EDC4E00F3DFD1 /* Base */ = {isa = PBXFileReference; lastKnownFileType = file.storyboard; name = Base; path = Base.lproj/LaunchScreen.storyboard; sourceTree = "<group>"; };
		043202421D3EDC4E00F3DFD1 /* Info.plist */ = {isa = PBXFileReference; lastKnownFileType = text.plist.xml; path = Info.plist; sourceTree = "<group>"; };
		043202471D3EDC4E00F3DFD1 /* Base Tracker iPadTests.xctest */ = {isa = PBXFileReference; explicitFileType = wrapper.cfbundle; includeInIndex = 0; path = "Base Tracker iPadTests.xctest"; sourceTree = BUILT_PRODUCTS_DIR; };
		0432024B1D3EDC4E00F3DFD1 /* Base_Tracker_iPadTests.swift */ = {isa = PBXFileReference; lastKnownFileType = sourcecode.swift; path = Base_Tracker_iPadTests.swift; sourceTree = "<group>"; };
		0432024D1D3EDC4E00F3DFD1 /* Info.plist */ = {isa = PBXFileReference; lastKnownFileType = text.plist.xml; path = Info.plist; sourceTree = "<group>"; };
		043202521D3EDC4E00F3DFD1 /* Base Tracker iPadUITests.xctest */ = {isa = PBXFileReference; explicitFileType = wrapper.cfbundle; includeInIndex = 0; path = "Base Tracker iPadUITests.xctest"; sourceTree = BUILT_PRODUCTS_DIR; };
		043202561D3EDC4E00F3DFD1 /* Base_Tracker_iPadUITests.swift */ = {isa = PBXFileReference; lastKnownFileType = sourcecode.swift; path = Base_Tracker_iPadUITests.swift; sourceTree = "<group>"; };
		043202581D3EDC4E00F3DFD1 /* Info.plist */ = {isa = PBXFileReference; lastKnownFileType = text.plist.xml; path = Info.plist; sourceTree = "<group>"; };
		04C08A791D4260AA002815F0 /* Base */ = {isa = PBXFileReference; lastKnownFileType = file.storyboard; name = Base; path = Base.lproj/Main.storyboard; sourceTree = "<group>"; };
/* End PBXFileReference section */

/* Begin PBXFrameworksBuildPhase section */
		043202301D3EDC4E00F3DFD1 /* Frameworks */ = {
			isa = PBXFrameworksBuildPhase;
			buildActionMask = 2147483647;
			files = (
			);
			runOnlyForDeploymentPostprocessing = 0;
		};
		043202441D3EDC4E00F3DFD1 /* Frameworks */ = {
			isa = PBXFrameworksBuildPhase;
			buildActionMask = 2147483647;
			files = (
			);
			runOnlyForDeploymentPostprocessing = 0;
		};
		0432024F1D3EDC4E00F3DFD1 /* Frameworks */ = {
			isa = PBXFrameworksBuildPhase;
			buildActionMask = 2147483647;
			files = (
			);
			runOnlyForDeploymentPostprocessing = 0;
		};
/* End PBXFrameworksBuildPhase section */

/* Begin PBXGroup section */
		0432022A1D3EDC4E00F3DFD1 = {
			isa = PBXGroup;
			children = (
				043202351D3EDC4E00F3DFD1 /* Base Tracker iPad */,
				0432024A1D3EDC4E00F3DFD1 /* Base Tracker iPadTests */,
				043202551D3EDC4E00F3DFD1 /* Base Tracker iPadUITests */,
				043202341D3EDC4E00F3DFD1 /* Products */,
			);
			sourceTree = "<group>";
		};
		043202341D3EDC4E00F3DFD1 /* Products */ = {
			isa = PBXGroup;
			children = (
				043202331D3EDC4E00F3DFD1 /* Base Tracker iPad.app */,
				043202471D3EDC4E00F3DFD1 /* Base Tracker iPadTests.xctest */,
				043202521D3EDC4E00F3DFD1 /* Base Tracker iPadUITests.xctest */,
			);
			name = Products;
			sourceTree = "<group>";
		};
		043202351D3EDC4E00F3DFD1 /* Base Tracker iPad */ = {
			isa = PBXGroup;
			children = (
				043202361D3EDC4E00F3DFD1 /* AppDelegate.swift */,
				043202381D3EDC4E00F3DFD1 /* ViewController.swift */,
				04C08A781D4260AA002815F0 /* Main.storyboard */,
				0432023D1D3EDC4E00F3DFD1 /* Assets.xcassets */,
				0432023F1D3EDC4E00F3DFD1 /* LaunchScreen.storyboard */,
				043202421D3EDC4E00F3DFD1 /* Info.plist */,
			);
			path = "Base Tracker iPad";
			sourceTree = "<group>";
		};
		0432024A1D3EDC4E00F3DFD1 /* Base Tracker iPadTests */ = {
			isa = PBXGroup;
			children = (
				0432024B1D3EDC4E00F3DFD1 /* Base_Tracker_iPadTests.swift */,
				0432024D1D3EDC4E00F3DFD1 /* Info.plist */,
			);
			path = "Base Tracker iPadTests";
			sourceTree = "<group>";
		};
		043202551D3EDC4E00F3DFD1 /* Base Tracker iPadUITests */ = {
			isa = PBXGroup;
			children = (
				043202561D3EDC4E00F3DFD1 /* Base_Tracker_iPadUITests.swift */,
				043202581D3EDC4E00F3DFD1 /* Info.plist */,
			);
			path = "Base Tracker iPadUITests";
			sourceTree = "<group>";
		};
/* End PBXGroup section */

/* Begin PBXNativeTarget section */
		043202321D3EDC4E00F3DFD1 /* Base Tracker iPad */ = {
			isa = PBXNativeTarget;
			buildConfigurationList = 0432025B1D3EDC4E00F3DFD1 /* Build configuration list for PBXNativeTarget "Base Tracker iPad" */;
			buildPhases = (
				0432022F1D3EDC4E00F3DFD1 /* Sources */,
				043202301D3EDC4E00F3DFD1 /* Frameworks */,
				043202311D3EDC4E00F3DFD1 /* Resources */,
			);
			buildRules = (
			);
			dependencies = (
			);
			name = "Base Tracker iPad";
			productName = "Base Tracker iPad";
			productReference = 043202331D3EDC4E00F3DFD1 /* Base Tracker iPad.app */;
			productType = "com.apple.product-type.application";
		};
		043202461D3EDC4E00F3DFD1 /* Base Tracker iPadTests */ = {
			isa = PBXNativeTarget;
			buildConfigurationList = 0432025E1D3EDC4E00F3DFD1 /* Build configuration list for PBXNativeTarget "Base Tracker iPadTests" */;
			buildPhases = (
				043202431D3EDC4E00F3DFD1 /* Sources */,
				043202441D3EDC4E00F3DFD1 /* Frameworks */,
				043202451D3EDC4E00F3DFD1 /* Resources */,
			);
			buildRules = (
			);
			dependencies = (
				043202491D3EDC4E00F3DFD1 /* PBXTargetDependency */,
			);
			name = "Base Tracker iPadTests";
			productName = "Base Tracker iPadTests";
			productReference = 043202471D3EDC4E00F3DFD1 /* Base Tracker iPadTests.xctest */;
			productType = "com.apple.product-type.bundle.unit-test";
		};
		043202511D3EDC4E00F3DFD1 /* Base Tracker iPadUITests */ = {
			isa = PBXNativeTarget;
			buildConfigurationList = 043202611D3EDC4E00F3DFD1 /* Build configuration list for PBXNativeTarget "Base Tracker iPadUITests" */;
			buildPhases = (
				0432024E1D3EDC4E00F3DFD1 /* Sources */,
				0432024F1D3EDC4E00F3DFD1 /* Frameworks */,
				043202501D3EDC4E00F3DFD1 /* Resources */,
			);
			buildRules = (
			);
			dependencies = (
				043202541D3EDC4E00F3DFD1 /* PBXTargetDependency */,
			);
			name = "Base Tracker iPadUITests";
			productName = "Base Tracker iPadUITests";
			productReference = 043202521D3EDC4E00F3DFD1 /* Base Tracker iPadUITests.xctest */;
			productType = "com.apple.product-type.bundle.ui-testing";
		};
/* End PBXNativeTarget section */

/* Begin PBXProject section */
		0432022B1D3EDC4E00F3DFD1 /* Project object */ = {
			isa = PBXProject;
			attributes = {
				LastSwiftUpdateCheck = 0800;
				LastUpgradeCheck = 0800;
				ORGANIZATIONNAME = MCJack123;
				TargetAttributes = {
					043202321D3EDC4E00F3DFD1 = {
						CreatedOnToolsVersion = 8.0;
						DevelopmentTeam = 94H887LKV9;
						DevelopmentTeamName = "Jack Bruienne (Personal Team)";
						ProvisioningStyle = Automatic;
					};
					043202461D3EDC4E00F3DFD1 = {
						CreatedOnToolsVersion = 8.0;
						DevelopmentTeam = 94H887LKV9;
						DevelopmentTeamName = "Jack Bruienne (Personal Team)";
						ProvisioningStyle = Automatic;
						TestTargetID = 043202321D3EDC4E00F3DFD1;
					};
					043202511D3EDC4E00F3DFD1 = {
						CreatedOnToolsVersion = 8.0;
						DevelopmentTeam = 94H887LKV9;
						DevelopmentTeamName = "Jack Bruienne (Personal Team)";
						ProvisioningStyle = Automatic;
						TestTargetID = 043202321D3EDC4E00F3DFD1;
					};
				};
			};
			buildConfigurationList = 0432022E1D3EDC4E00F3DFD1 /* Build configuration list for PBXProject "Base Tracker iPad" */;
			compatibilityVersion = "Xcode 3.2";
			developmentRegion = English;
			hasScannedForEncodings = 0;
			knownRegions = (
				en,
				Base,
			);
			mainGroup = 0432022A1D3EDC4E00F3DFD1;
			productRefGroup = 043202341D3EDC4E00F3DFD1 /* Products */;
			projectDirPath = "";
			projectRoot = "";
			targets = (
				043202321D3EDC4E00F3DFD1 /* Base Tracker iPad */,
				043202461D3EDC4E00F3DFD1 /* Base Tracker iPadTests */,
				043202511D3EDC4E00F3DFD1 /* Base Tracker iPadUITests */,
			);
		};
/* End PBXProject section */

/* Begin PBXResourcesBuildPhase section */
		043202311D3EDC4E00F3DFD1 /* Resources */ = {
			isa = PBXResourcesBuildPhase;
			buildActionMask = 2147483647;
			files = (
				043202411D3EDC4E00F3DFD1 /* LaunchScreen.storyboard in Resources */,
				0432023E1D3EDC4E00F3DFD1 /* Assets.xcassets in Resources */,
				04C08A7A1D4260AA002815F0 /* Main.storyboard in Resources */,
			);
			runOnlyForDeploymentPostprocessing = 0;
		};
		043202451D3EDC4E00F3DFD1 /* Resources */ = {
			isa = PBXResourcesBuildPhase;
			buildActionMask = 2147483647;
			files = (
			);
			runOnlyForDeploymentPostprocessing = 0;
		};
		043202501D3EDC4E00F3DFD1 /* Resources */ = {
			isa = PBXResourcesBuildPhase;
			buildActionMask = 2147483647;
			files = (
			);
			runOnlyForDeploymentPostprocessing = 0;
		};
/* End PBXResourcesBuildPhase section */

/* Begin PBXSourcesBuildPhase section */
		0432022F1D3EDC4E00F3DFD1 /* Sources */ = {
			isa = PBXSourcesBuildPhase;
			buildActionMask = 2147483647;
			files = (
				043202391D3EDC4E00F3DFD1 /* ViewController.swift in Sources */,
				043202371D3EDC4E00F3DFD1 /* AppDelegate.swift in Sources */,
			);
			runOnlyForDeploymentPostprocessing = 0;
		};
		043202431D3EDC4E00F3DFD1 /* Sources */ = {
			isa = PBXSourcesBuildPhase;
			buildActionMask = 2147483647;
			files = (
				0432024C1D3EDC4E00F3DFD1 /* Base_Tracker_iPadTests.swift in Sources */,
			);
			runOnlyForDeploymentPostprocessing = 0;
		};
		0432024E1D3EDC4E00F3DFD1 /* Sources */ = {
			isa = PBXSourcesBuildPhase;
			buildActionMask = 2147483647;
			files = (
				043202571D3EDC4E00F3DFD1 /* Base_Tracker_iPadUITests.swift in Sources */,
			);
			runOnlyForDeploymentPostprocessing = 0;
		};
/* End PBXSourcesBuildPhase section */

/* Begin PBXTargetDependency section */
		043202491D3EDC4E00F3DFD1 /* PBXTargetDependency */ = {
			isa = PBXTargetDependency;
			target = 043202321D3EDC4E00F3DFD1 /* Base Tracker iPad */;
			targetProxy = 043202481D3EDC4E00F3DFD1 /* PBXContainerItemProxy */;
		};
		043202541D3EDC4E00F3DFD1 /* PBXTargetDependency */ = {
			isa = PBXTargetDependency;
			target = 043202321D3EDC4E00F3DFD1 /* Base Tracker iPad */;
			targetProxy = 043202531D3EDC4E00F3DFD1 /* PBXContainerItemProxy */;
		};
/* End PBXTargetDependency section */

/* Begin PBXVariantGroup section */
		0432023F1D3EDC4E00F3DFD1 /* LaunchScreen.storyboard */ = {
			isa = PBXVariantGroup;
			children = (
				043202401D3EDC4E00F3DFD1 /* Base */,
			);
			name = LaunchScreen.storyboard;
			sourceTree = "<group>";
		};
		04C08A781D4260AA002815F0 /* Main.storyboard */ = {
			isa = PBXVariantGroup;
			children = (
				04C08A791D4260AA002815F0 /* Base */,
			);
			name = Main.storyboard;
			sourceTree = "<group>";
		};
/* End PBXVariantGroup section */

/* Begin XCBuildConfiguration section */
		043202591D3EDC4E00F3DFD1 /* Debug */ = {
			isa = XCBuildConfiguration;
			buildSettings = {
				ALWAYS_SEARCH_USER_PATHS = NO;
				CLANG_ANALYZER_NONNULL = YES;
				CLANG_CXX_LANGUAGE_STANDARD = "gnu++0x";
				CLANG_CXX_LIBRARY = "libc++";
				CLANG_ENABLE_MODULES = YES;
				CLANG_ENABLE_OBJC_ARC = YES;
				CLANG_WARN_BOOL_CONVERSION = YES;
				CLANG_WARN_CONSTANT_CONVERSION = YES;
				CLANG_WARN_DIRECT_OBJC_ISA_USAGE = YES_ERROR;
				CLANG_WARN_DOCUMENTATION_COMMENTS = YES;
				CLANG_WARN_EMPTY_BODY = YES;
				CLANG_WARN_ENUM_CONVERSION = YES;
				CLANG_WARN_INT_CONVERSION = YES;
				CLANG_WARN_OBJC_ROOT_CLASS = YES_ERROR;
				CLANG_WARN_UNREACHABLE_CODE = YES;
				CLANG_WARN__DUPLICATE_METHOD_MATCH = YES;
				"CODE_SIGN_IDENTITY[sdk=iphoneos*]" = "iPhone Developer";
				COPY_PHASE_STRIP = NO;
				DEBUG_INFORMATION_FORMAT = dwarf;
				ENABLE_STRICT_OBJC_MSGSEND = YES;
				ENABLE_TESTABILITY = YES;
				GCC_C_LANGUAGE_STANDARD = gnu99;
				GCC_DYNAMIC_NO_PIC = NO;
				GCC_NO_COMMON_BLOCKS = YES;
				GCC_OPTIMIZATION_LEVEL = 0;
				GCC_PREPROCESSOR_DEFINITIONS = (
					"DEBUG=1",
					"$(inherited)",
				);
				GCC_WARN_64_TO_32_BIT_CONVERSION = YES;
				GCC_WARN_ABOUT_RETURN_TYPE = YES_ERROR;
				GCC_WARN_UNDECLARED_SELECTOR = YES;
				GCC_WARN_UNINITIALIZED_AUTOS = YES_AGGRESSIVE;
				GCC_WARN_UNUSED_FUNCTION = YES;
				GCC_WARN_UNUSED_VARIABLE = YES;
				IPHONEOS_DEPLOYMENT_TARGET = 10.0;
				MTL_ENABLE_DEBUG_INFO = YES;
				ONLY_ACTIVE_ARCH = YES;
				SDKROOT = iphoneos;
				SWIFT_ACTIVE_COMPILATION_CONDITIONS = DEBUG;
				SWIFT_OPTIMIZATION_LEVEL = "-Onone";
				TARGETED_DEVICE_FAMILY = 2;
			};
			name = Debug;
		};
		0432025A1D3EDC4E00F3DFD1 /* Release */ = {
			isa = XCBuildConfiguration;
			buildSettings = {
				ALWAYS_SEARCH_USER_PATHS = NO;
				CLANG_ANALYZER_NONNULL = YES;
				CLANG_CXX_LANGUAGE_STANDARD = "gnu++0x";
				CLANG_CXX_LIBRARY = "libc++";
				CLANG_ENABLE_MODULES = YES;
				CLANG_ENABLE_OBJC_ARC = YES;
				CLANG_WARN_BOOL_CONVERSION = YES;
				CLANG_WARN_CONSTANT_CONVERSION = YES;
				CLANG_WARN_DIRECT_OBJC_ISA_USAGE = YES_ERROR;
				CLANG_WARN_DOCUMENTATION_COMMENTS = YES;
				CLANG_WARN_EMPTY_BODY = YES;
				CLANG_WARN_ENUM_CONVERSION = YES;
				CLANG_WARN_INT_CONVERSION = YES;
				CLANG_WARN_OBJC_ROOT_CLASS = YES_ERROR;
				CLANG_WARN_UNREACHABLE_CODE = YES;
				CLANG_WARN__DUPLICATE_METHOD_MATCH = YES;
				"CODE_SIGN_IDENTITY[sdk=iphoneos*]" = "iPhone Developer";
				COPY_PHASE_STRIP = NO;
				DEBUG_INFORMATION_FORMAT = "dwarf-with-dsym";
				ENABLE_NS_ASSERTIONS = NO;
				ENABLE_STRICT_OBJC_MSGSEND = YES;
				GCC_C_LANGUAGE_STANDARD = gnu99;
				GCC_NO_COMMON_BLOCKS = YES;
				GCC_WARN_64_TO_32_BIT_CONVERSION = YES;
				GCC_WARN_ABOUT_RETURN_TYPE = YES_ERROR;
				GCC_WARN_UNDECLARED_SELECTOR = YES;
				GCC_WARN_UNINITIALIZED_AUTOS = YES_AGGRESSIVE;
				GCC_WARN_UNUSED_FUNCTION = YES;
				GCC_WARN_UNUSED_VARIABLE = YES;
				IPHONEOS_DEPLOYMENT_TARGET = 10.0;
				MTL_ENABLE_DEBUG_INFO = NO;
				SDKROOT = iphoneos;
				SWIFT_OPTIMIZATION_LEVEL = "-Owholemodule";
				TARGETED_DEVICE_FAMILY = 2;
				VALIDATE_PRODUCT = YES;
			};
			name = Release;
		};
		0432025C1D3EDC4E00F3DFD1 /* Debug */ = {
			isa = XCBuildConfiguration;
			buildSettings = {
				ASSETCATALOG_COMPILER_APPICON_NAME = AppIcon;
				INFOPLIST_FILE = "Base Tracker iPad/Info.plist";
				IPHONEOS_DEPLOYMENT_TARGET = 9.0;
				LD_RUNPATH_SEARCH_PATHS = "$(inherited) @executable_path/Frameworks";
				PRODUCT_BUNDLE_IDENTIFIER = "com.bruienne.cppconsole.Base-Tracker-iPad";
				PRODUCT_NAME = "$(TARGET_NAME)";
				SWIFT_VERSION = 3.0;
				TARGETED_DEVICE_FAMILY = 2;
			};
			name = Debug;
		};
		0432025D1D3EDC4E00F3DFD1 /* Release */ = {
			isa = XCBuildConfiguration;
			buildSettings = {
				ASSETCATALOG_COMPILER_APPICON_NAME = AppIcon;
				INFOPLIST_FILE = "Base Tracker iPad/Info.plist";
				IPHONEOS_DEPLOYMENT_TARGET = 9.0;
				LD_RUNPATH_SEARCH_PATHS = "$(inherited) @executable_path/Frameworks";
				PRODUCT_BUNDLE_IDENTIFIER = "com.bruienne.cppconsole.Base-Tracker-iPad";
				PRODUCT_NAME = "$(TARGET_NAME)";
				SWIFT_VERSION = 3.0;
				TARGETED_DEVICE_FAMILY = 2;
			};
			name = Release;
		};
		0432025F1D3EDC4E00F3DFD1 /* Debug */ = {
			isa = XCBuildConfiguration;
			buildSettings = {
				BUNDLE_LOADER = "$(TEST_HOST)";
				INFOPLIST_FILE = "Base Tracker iPadTests/Info.plist";
				LD_RUNPATH_SEARCH_PATHS = "$(inherited) @executable_path/Frameworks @loader_path/Frameworks";
				PRODUCT_BUNDLE_IDENTIFIER = "com.bruienne.cppconsole.Base-Tracker-iPadTests";
				PRODUCT_NAME = "$(TARGET_NAME)";
				SWIFT_VERSION = 3.0;
				TEST_HOST = "$(BUILT_PRODUCTS_DIR)/Base Tracker iPad.app/Base Tracker iPad";
			};
			name = Debug;
		};
		043202601D3EDC4E00F3DFD1 /* Release */ = {
			isa = XCBuildConfiguration;
			buildSettings = {
				BUNDLE_LOADER = "$(TEST_HOST)";
				INFOPLIST_FILE = "Base Tracker iPadTests/Info.plist";
				LD_RUNPATH_SEARCH_PATHS = "$(inherited) @executable_path/Frameworks @loader_path/Frameworks";
				PRODUCT_BUNDLE_IDENTIFIER = "com.bruienne.cppconsole.Base-Tracker-iPadTests";
				PRODUCT_NAME = "$(TARGET_NAME)";
				SWIFT_VERSION = 3.0;
				TEST_HOST = "$(BUILT_PRODUCTS_DIR)/Base Tracker iPad.app/Base Tracker iPad";
			};
			name = Release;
		};
		043202621D3EDC4E00F3DFD1 /* Debug */ = {
			isa = XCBuildConfiguration;
			buildSettings = {
				INFOPLIST_FILE = "Base Tracker iPadUITests/Info.plist";
				LD_RUNPATH_SEARCH_PATHS = "$(inherited) @executable_path/Frameworks @loader_path/Frameworks";
				PRODUCT_BUNDLE_IDENTIFIER = "com.bruienne.cppconsole.Base-Tracker-iPadUITests";
				PRODUCT_NAME = "$(TARGET_NAME)";
				SWIFT_VERSION = 3.0;
				TEST_TARGET_NAME = "Base Tracker iPad";
			};
			name = Debug;
		};
		043202631D3EDC4E00F3DFD1 /* Release */ = {
			isa = XCBuildConfiguration;
			buildSettings = {
				INFOPLIST_FILE = "Base Tracker iPadUITests/Info.plist";
				LD_RUNPATH_SEARCH_PATHS = "$(inherited) @executable_path/Frameworks @loader_path/Frameworks";
				PRODUCT_BUNDLE_IDENTIFIER = "com.bruienne.cppconsole.Base-Tracker-iPadUITests";
				PRODUCT_NAME = "$(TARGET_NAME)";
				SWIFT_VERSION = 3.0;
				TEST_TARGET_NAME = "Base Tracker iPad";
			};
			name = Release;
		};
/* End XCBuildConfiguration section */

/* Begin XCConfigurationList section */
		0432022E1D3EDC4E00F3DFD1 /* Build configuration list for PBXProject "Base Tracker iPad" */ = {
			isa = XCConfigurationList;
			buildConfigurations = (
				043202591D3EDC4E00F3DFD1 /* Debug */,
				0432025A1D3EDC4E00F3DFD1 /* Release */,
			);
			defaultConfigurationIsVisible = 0;
			defaultConfigurationName = Release;
		};
		0432025B1D3EDC4E00F3DFD1 /* Build configuration list for PBXNativeTarget "Base Tracker iPad" */ = {
			isa = XCConfigurationList;
			buildConfigurations = (
				0432025C1D3EDC4E00F3DFD1 /* Debug */,
				0432025D1D3EDC4E00F3DFD1 /* Release */,
			);
			defaultConfigurationIsVisible = 0;
			defaultConfigurationName = Release;
		};
		0432025E1D3EDC4E00F3DFD1 /* Build configuration list for PBXNativeTarget "Base Tracker iPadTests" */ = {
			isa = XCConfigurationList;
			buildConfigurations = (
				0432025F1D3EDC4E00F3DFD1 /* Debug */,
				043202601D3EDC4E00F3DFD1 /* Release */,
			);
			defaultConfigurationIsVisible = 0;
			defaultConfigurationName = Release;
		};
		043202611D3EDC4E00F3DFD1 /* Build configuration list for PBXNativeTarget "Base Tracker iPadUITests" */ = {
			isa = XCConfigurationList;
			buildConfigurations = (
				043202621D3EDC4E00F3DFD1 /* Debug */,
				043202631D3EDC4E00F3DFD1 /* Release */,
			);
			defaultConfigurationIsVisible = 0;
			defaultConfigurationName = Release;
		};
/* End XCConfigurationList section */
	};
	rootObject = 0432022B1D3EDC4E00F3DFD1 /* Project object */;
}
